
Microsoft Visual Studio Solution File, Format Version 12.00
Project("{FAE04EC0-301F-11D3-BF4B-00C04F79EFBC}") = "ExpensePaymentSystem.WebApi", "ExpensePaymentSystem.WebApi\ExpensePaymentSystem.WebApi.csproj", "{034C43E5-23AC-4A3C-8F6A-42A97AE1BCDF}"
EndProject
Project("{FAE04EC0-301F-11D3-BF4B-00C04F79EFBC}") = "ExpensePaymentSystem.Base", "ExpensePaymentSystem.Base\ExpensePaymentSystem.Base.csproj", "{4C2FF0BC-EF23-49EF-80C8-3FDF4800987F}"
EndProject
Project("{FAE04EC0-301F-11D3-BF4B-00C04F79EFBC}") = "ExpensePaymentSystem.Data", "ExpensePaymentSystem.Data\ExpensePaymentSystem.Data.csproj", "{19C52E88-32CE-4AD0-897D-6B4962245E39}"
EndProject
Project("{FAE04EC0-301F-11D3-BF4B-00C04F79EFBC}") = "ExpensePaymentSystem.Business", "ExpensePaymentSystem.Business\ExpensePaymentSystem.Business.csproj", "{C3FBE0D4-957B-49D0-975A-79F710F2C150}"
EndProject
Project("{FAE04EC0-301F-11D3-BF4B-00C04F79EFBC}") = "ExpensePaymentSystem.Schema", "ExpensePaymentSystem.Schema\ExpensePaymentSystem.Schema.csproj", "{337CEE6E-6298-4A75-9650-B11AAEB81237}"
EndProject
Project("{2150E333-8FDC-42A3-9474-1A3956D46DE8}") = "Tests", "Tests", "{AEB41ED7-2FFC-4B7E-9064-E2C3C46655C7}"
EndProject
Project("{FAE04EC0-301F-11D3-BF4B-00C04F79EFBC}") = "ExpensePaymentSystem.UnitTests", "ExpensePaymentSystem.UnitTests\ExpensePaymentSystem.UnitTests.csproj", "{42C38151-AEFD-4809-AE30-699B68CD3B48}"
EndProject
Global
	GlobalSection(SolutionConfigurationPlatforms) = preSolution
		Debug|Any CPU = Debug|Any CPU
		Release|Any CPU = Release|Any CPU
	EndGlobalSection
	GlobalSection(ProjectConfigurationPlatforms) = postSolution
		{034C43E5-23AC-4A3C-8F6A-42A97AE1BCDF}.Debug|Any CPU.ActiveCfg = Debug|Any CPU
		{034C43E5-23AC-4A3C-8F6A-42A97AE1BCDF}.Debug|Any CPU.Build.0 = Debug|Any CPU
		{034C43E5-23AC-4A3C-8F6A-42A97AE1BCDF}.Release|Any CPU.ActiveCfg = Release|Any CPU
		{034C43E5-23AC-4A3C-8F6A-42A97AE1BCDF}.Release|Any CPU.Build.0 = Release|Any CPU
		{4C2FF0BC-EF23-49EF-80C8-3FDF4800987F}.Debug|Any CPU.ActiveCfg = Debug|Any CPU
		{4C2FF0BC-EF23-49EF-80C8-3FDF4800987F}.Debug|Any CPU.Build.0 = Debug|Any CPU
		{4C2FF0BC-EF23-49EF-80C8-3FDF4800987F}.Release|Any CPU.ActiveCfg = Release|Any CPU
		{4C2FF0BC-EF23-49EF-80C8-3FDF4800987F}.Release|Any CPU.Build.0 = Release|Any CPU
		{19C52E88-32CE-4AD0-897D-6B4962245E39}.Debug|Any CPU.ActiveCfg = Debug|Any CPU
		{19C52E88-32CE-4AD0-897D-6B4962245E39}.Debug|Any CPU.Build.0 = Debug|Any CPU
		{19C52E88-32CE-4AD0-897D-6B4962245E39}.Release|Any CPU.ActiveCfg = Release|Any CPU
		{19C52E88-32CE-4AD0-897D-6B4962245E39}.Release|Any CPU.Build.0 = Release|Any CPU
		{C3FBE0D4-957B-49D0-975A-79F710F2C150}.Debug|Any CPU.ActiveCfg = Debug|Any CPU
		{C3FBE0D4-957B-49D0-975A-79F710F2C150}.Debug|Any CPU.Build.0 = Debug|Any CPU
		{C3FBE0D4-957B-49D0-975A-79F710F2C150}.Release|Any CPU.ActiveCfg = Release|Any CPU
		{C3FBE0D4-957B-49D0-975A-79F710F2C150}.Release|Any CPU.Build.0 = Release|Any CPU
		{337CEE6E-6298-4A75-9650-B11AAEB81237}.Debug|Any CPU.ActiveCfg = Debug|Any CPU
		{337CEE6E-6298-4A75-9650-B11AAEB81237}.Debug|Any CPU.Build.0 = Debug|Any CPU
		{337CEE6E-6298-4A75-9650-B11AAEB81237}.Release|Any CPU.ActiveCfg = Release|Any CPU
		{337CEE6E-6298-4A75-9650-B11AAEB81237}.Release|Any CPU.Build.0 = Release|Any CPU
		{42C38151-AEFD-4809-AE30-699B68CD3B48}.Debug|Any CPU.ActiveCfg = Debug|Any CPU
		{42C38151-AEFD-4809-AE30-699B68CD3B48}.Debug|Any CPU.Build.0 = Debug|Any CPU
		{42C38151-AEFD-4809-AE30-699B68CD3B48}.Release|Any CPU.ActiveCfg = Release|Any CPU
		{42C38151-AEFD-4809-AE30-699B68CD3B48}.Release|Any CPU.Build.0 = Release|Any CPU
	EndGlobalSection
	GlobalSection(NestedProjects) = preSolution
		{42C38151-AEFD-4809-AE30-699B68CD3B48} = {AEB41ED7-2FFC-4B7E-9064-E2C3C46655C7}
	EndGlobalSection
EndGlobal
